Microsoft Visual Studio Solution File, Format Version 12.00
# Visual Studio Version 17
VisualStudioVersion = 17.8.34330.188
MinimumVisualStudioVersion = 10.0.40219.1
Project("{2150E333-8FDC-42A3-9474-1A3956D46DE8}") = "src", "src", "{4F6C8B22-8C5E-4E3F-9A1A-1E2D3C4B5A6F}"
EndProject
Project("{FAE04EC0-301F-11D3-BF4B-00C04F79EFBC}") = "TargCC.Core.Engine", "src\TargCC.Core.Engine\TargCC.Core.Engine.csproj", "{11111111-1111-1111-1111-111111111111}"
EndProject
Project("{FAE04EC0-301F-11D3-BF4B-00C04F79EFBC}") = "TargCC.Core.Interfaces", "src\TargCC.Core.Interfaces\TargCC.Core.Interfaces.csproj", "{22222222-2222-2222-2222-222222222222}"
EndProject
Project("{FAE04EC0-301F-11D3-BF4B-00C04F79EFBC}") = "TargCC.Core.Analyzers", "src\TargCC.Core.Analyzers\TargCC.Core.Analyzers.csproj", "{33333333-3333-3333-3333-333333333333}"
EndProject
Project("{FAE04EC0-301F-11D3-BF4B-00C04F79EFBC}") = "TargCC.Core.Generators", "src\TargCC.Core.Generators\TargCC.Core.Generators.csproj", "{55555555-5555-5555-5555-555555555555}"
EndProject
Project("{2150E333-8FDC-42A3-9474-1A3956D46DE8}") = "Solution Items", "Solution Items", "{5F6C8B22-8C5E-4E3F-9A1A-1E2D3C4B5A6F}"
	ProjectSection(SolutionItems) = preProject
		.editorconfig = .editorconfig
		.gitignore = .gitignore
		README.md = README.md
	EndProjectSection
EndProject
Project("{FAE04EC0-301F-11D3-BF4B-00C04F79EFBC}") = "TargCC.Core.Writers", "src\TargCC.Core.Writers\TargCC.Core.Writers.csproj", "{733FDF1D-A005-08EB-15A2-F5B26C2CA542}"
EndProject
Project("{FAE04EC0-301F-11D3-BF4B-00C04F79EFBC}") = "TargCC.CLI", "src\TargCC.CLI\TargCC.CLI.csproj", "{33307136-9CB2-5226-3D5D-6079989714FE}"
EndProject
Project("{2150E333-8FDC-42A3-9474-1A3956D46DE8}") = "Tests", "Tests", "{02EA681E-C7D8-13C7-8484-4AC65E1B71E8}"
EndProject
Project("{FAE04EC0-301F-11D3-BF4B-00C04F79EFBC}") = "TargCC.CLI.Tests", "src\tests\TargCC.CLI.Tests\TargCC.CLI.Tests.csproj", "{62CDC8DD-34F3-9104-0BC3-4CC85DF0F3C2}"
EndProject
Project("{FAE04EC0-301F-11D3-BF4B-00C04F79EFBC}") = "TargCC.Core.Tests", "src\tests\TargCC.Core.Tests\TargCC.Core.Tests.csproj", "{55B64681-5E3E-742F-DB18-3489775D8CA0}"
EndProject
Global
	GlobalSection(SolutionConfigurationPlatforms) = preSolution
		Debug|Any CPU = Debug|Any CPU
		Release|Any CPU = Release|Any CPU
	EndGlobalSection
	GlobalSection(ProjectConfigurationPlatforms) = postSolution
		{11111111-1111-1111-1111-111111111111}.Debug|Any CPU.ActiveCfg = Debug|Any CPU
		{11111111-1111-1111-1111-111111111111}.Debug|Any CPU.Build.0 = Debug|Any CPU
		{11111111-1111-1111-1111-111111111111}.Release|Any CPU.ActiveCfg = Release|Any CPU
		{11111111-1111-1111-1111-111111111111}.Release|Any CPU.Build.0 = Release|Any CPU
		{22222222-2222-2222-2222-222222222222}.Debug|Any CPU.ActiveCfg = Debug|Any CPU
		{22222222-2222-2222-2222-222222222222}.Debug|Any CPU.Build.0 = Debug|Any CPU
		{22222222-2222-2222-2222-222222222222}.Release|Any CPU.ActiveCfg = Release|Any CPU
		{22222222-2222-2222-2222-222222222222}.Release|Any CPU.Build.0 = Release|Any CPU
		{33333333-3333-3333-3333-333333333333}.Debug|Any CPU.ActiveCfg = Debug|Any CPU
		{33333333-3333-3333-3333-333333333333}.Debug|Any CPU.Build.0 = Debug|Any CPU
		{33333333-3333-3333-3333-333333333333}.Release|Any CPU.ActiveCfg = Release|Any CPU
		{33333333-3333-3333-3333-333333333333}.Release|Any CPU.Build.0 = Release|Any CPU
		{55555555-5555-5555-5555-555555555555}.Debug|Any CPU.ActiveCfg = Debug|Any CPU
		{55555555-5555-5555-5555-555555555555}.Debug|Any CPU.Build.0 = Debug|Any CPU
		{55555555-5555-5555-5555-555555555555}.Release|Any CPU.ActiveCfg = Release|Any CPU
		{55555555-5555-5555-5555-555555555555}.Release|Any CPU.Build.0 = Release|Any CPU
		{733FDF1D-A005-08EB-15A2-F5B26C2CA542}.Debug|Any CPU.ActiveCfg = Debug|Any CPU
		{733FDF1D-A005-08EB-15A2-F5B26C2CA542}.Debug|Any CPU.Build.0 = Debug|Any CPU
		{733FDF1D-A005-08EB-15A2-F5B26C2CA542}.Release|Any CPU.ActiveCfg = Release|Any CPU
		{733FDF1D-A005-08EB-15A2-F5B26C2CA542}.Release|Any CPU.Build.0 = Release|Any CPU
		{33307136-9CB2-5226-3D5D-6079989714FE}.Debug|Any CPU.ActiveCfg = Debug|Any CPU
		{33307136-9CB2-5226-3D5D-6079989714FE}.Debug|Any CPU.Build.0 = Debug|Any CPU
		{33307136-9CB2-5226-3D5D-6079989714FE}.Release|Any CPU.ActiveCfg = Release|Any CPU
		{33307136-9CB2-5226-3D5D-6079989714FE}.Release|Any CPU.Build.0 = Release|Any CPU
		{62CDC8DD-34F3-9104-0BC3-4CC85DF0F3C2}.Debug|Any CPU.ActiveCfg = Debug|Any CPU
		{62CDC8DD-34F3-9104-0BC3-4CC85DF0F3C2}.Debug|Any CPU.Build.0 = Debug|Any CPU
		{62CDC8DD-34F3-9104-0BC3-4CC85DF0F3C2}.Release|Any CPU.ActiveCfg = Release|Any CPU
		{62CDC8DD-34F3-9104-0BC3-4CC85DF0F3C2}.Release|Any CPU.Build.0 = Release|Any CPU
		{55B64681-5E3E-742F-DB18-3489775D8CA0}.Debug|Any CPU.ActiveCfg = Debug|Any CPU
		{55B64681-5E3E-742F-DB18-3489775D8CA0}.Debug|Any CPU.Build.0 = Debug|Any CPU
		{55B64681-5E3E-742F-DB18-3489775D8CA0}.Release|Any CPU.ActiveCfg = Release|Any CPU
		{55B64681-5E3E-742F-DB18-3489775D8CA0}.Release|Any CPU.Build.0 = Release|Any CPU
	EndGlobalSection
	GlobalSection(SolutionProperties) = preSolution
		HideSolutionNode = FALSE
	EndGlobalSection
	GlobalSection(NestedProjects) = preSolution
		{11111111-1111-1111-1111-111111111111} = {4F6C8B22-8C5E-4E3F-9A1A-1E2D3C4B5A6F}
		{22222222-2222-2222-2222-222222222222} = {4F6C8B22-8C5E-4E3F-9A1A-1E2D3C4B5A6F}
		{33333333-3333-3333-3333-333333333333} = {4F6C8B22-8C5E-4E3F-9A1A-1E2D3C4B5A6F}
		{55555555-5555-5555-5555-555555555555} = {4F6C8B22-8C5E-4E3F-9A1A-1E2D3C4B5A6F}
		{733FDF1D-A005-08EB-15A2-F5B26C2CA542} = {4F6C8B22-8C5E-4E3F-9A1A-1E2D3C4B5A6F}
		{33307136-9CB2-5226-3D5D-6079989714FE} = {4F6C8B22-8C5E-4E3F-9A1A-1E2D3C4B5A6F}
		{62CDC8DD-34F3-9104-0BC3-4CC85DF0F3C2} = {02EA681E-C7D8-13C7-8484-4AC65E1B71E8}
		{55B64681-5E3E-742F-DB18-3489775D8CA0} = {02EA681E-C7D8-13C7-8484-4AC65E1B71E8}
	EndGlobalSection
	GlobalSection(ExtensibilityGlobals) = postSolution
		SolutionGuid = {6F7C8B22-8C5E-4E3F-9A1A-1E2D3C4B5A6F}
	EndGlobalSection
EndGlobal
