
Microsoft Visual Studio Solution File, Format Version 12.00
# Visual Studio Version 17
VisualStudioVersion = 17.0.31903.59
MinimumVisualStudioVersion = 10.0.40219.1
Project("{FAE04EC0-301F-11D3-BF4B-00C04F79EFBC}") = "TestApp.Domain", "src\TestApp.Domain\TestApp.Domain.csproj", "{1FBE190C-69D5-493B-8A35-9DC0995343DF}"
EndProject
Project("{FAE04EC0-301F-11D3-BF4B-00C04F79EFBC}") = "TestApp.Application", "src\TestApp.Application\TestApp.Application.csproj", "{AF5CD043-39FC-46D4-9D3F-A0EA5BB57A50}"
EndProject
Project("{FAE04EC0-301F-11D3-BF4B-00C04F79EFBC}") = "TestApp.Infrastructure", "src\TestApp.Infrastructure\TestApp.Infrastructure.csproj", "{E3762DB1-4C2A-494B-8598-44E95539EA8A}"
EndProject
Project("{FAE04EC0-301F-11D3-BF4B-00C04F79EFBC}") = "TestApp.API", "src\TestApp.API\TestApp.API.csproj", "{94BDC486-DECD-43A8-A37C-8EE2D299130E}"
EndProject
Project("{FAE04EC0-301F-11D3-BF4B-00C04F79EFBC}") = "TestApp.Tests", "tests\TestApp.Tests\TestApp.Tests.csproj", "{13A4945E-DED2-4D3C-AE33-512025D13DAD}"
EndProject
Global
	GlobalSection(SolutionConfigurationPlatforms) = preSolution
		Debug|Any CPU = Debug|Any CPU
		Release|Any CPU = Release|Any CPU
	EndGlobalSection
	GlobalSection(ProjectConfigurationPlatforms) = postSolution
		{1FBE190C-69D5-493B-8A35-9DC0995343DF}.Debug|Any CPU.ActiveCfg = Debug|Any CPU
		{1FBE190C-69D5-493B-8A35-9DC0995343DF}.Debug|Any CPU.Build.0 = Debug|Any CPU
		{1FBE190C-69D5-493B-8A35-9DC0995343DF}.Release|Any CPU.ActiveCfg = Release|Any CPU
		{1FBE190C-69D5-493B-8A35-9DC0995343DF}.Release|Any CPU.Build.0 = Release|Any CPU
		{AF5CD043-39FC-46D4-9D3F-A0EA5BB57A50}.Debug|Any CPU.ActiveCfg = Debug|Any CPU
		{AF5CD043-39FC-46D4-9D3F-A0EA5BB57A50}.Debug|Any CPU.Build.0 = Debug|Any CPU
		{AF5CD043-39FC-46D4-9D3F-A0EA5BB57A50}.Release|Any CPU.ActiveCfg = Release|Any CPU
		{AF5CD043-39FC-46D4-9D3F-A0EA5BB57A50}.Release|Any CPU.Build.0 = Release|Any CPU
		{E3762DB1-4C2A-494B-8598-44E95539EA8A}.Debug|Any CPU.ActiveCfg = Debug|Any CPU
		{E3762DB1-4C2A-494B-8598-44E95539EA8A}.Debug|Any CPU.Build.0 = Debug|Any CPU
		{E3762DB1-4C2A-494B-8598-44E95539EA8A}.Release|Any CPU.ActiveCfg = Release|Any CPU
		{E3762DB1-4C2A-494B-8598-44E95539EA8A}.Release|Any CPU.Build.0 = Release|Any CPU
		{94BDC486-DECD-43A8-A37C-8EE2D299130E}.Debug|Any CPU.ActiveCfg = Debug|Any CPU
		{94BDC486-DECD-43A8-A37C-8EE2D299130E}.Debug|Any CPU.Build.0 = Debug|Any CPU
		{94BDC486-DECD-43A8-A37C-8EE2D299130E}.Release|Any CPU.ActiveCfg = Release|Any CPU
		{94BDC486-DECD-43A8-A37C-8EE2D299130E}.Release|Any CPU.Build.0 = Release|Any CPU
		{13A4945E-DED2-4D3C-AE33-512025D13DAD}.Debug|Any CPU.ActiveCfg = Debug|Any CPU
		{13A4945E-DED2-4D3C-AE33-512025D13DAD}.Debug|Any CPU.Build.0 = Debug|Any CPU
		{13A4945E-DED2-4D3C-AE33-512025D13DAD}.Release|Any CPU.ActiveCfg = Release|Any CPU
		{13A4945E-DED2-4D3C-AE33-512025D13DAD}.Release|Any CPU.Build.0 = Release|Any CPU
	EndGlobalSection
	GlobalSection(SolutionProperties) = preSolution
		HideSolutionNode = FALSE
	EndGlobalSection
EndGlobal
