
Microsoft Visual Studio Solution File, Format Version 12.00
# Visual Studio Version 17
VisualStudioVersion = 17.0.31903.59
MinimumVisualStudioVersion = 10.0.40219.1
Project("{FAE04EC0-301F-11D3-BF4B-00C04F79EFBC}") = "TestApp.Domain", "src\TestApp.Domain\TestApp.Domain.csproj", "{A878828D-107B-4310-A253-CDF66AB3BF32}"
EndProject
Project("{FAE04EC0-301F-11D3-BF4B-00C04F79EFBC}") = "TestApp.Application", "src\TestApp.Application\TestApp.Application.csproj", "{32FD6784-40FB-4F42-9B3B-AA05B7EB385F}"
EndProject
Project("{FAE04EC0-301F-11D3-BF4B-00C04F79EFBC}") = "TestApp.Infrastructure", "src\TestApp.Infrastructure\TestApp.Infrastructure.csproj", "{DD2DB078-8EBF-4FDF-A489-B967676E536C}"
EndProject
Project("{FAE04EC0-301F-11D3-BF4B-00C04F79EFBC}") = "TestApp.API", "src\TestApp.API\TestApp.API.csproj", "{D90F0EB9-B205-4012-B429-1950A47C288E}"
EndProject
Project("{FAE04EC0-301F-11D3-BF4B-00C04F79EFBC}") = "TestApp.Tests", "tests\TestApp.Tests\TestApp.Tests.csproj", "{CF6BC2EF-DA58-45AE-AFFC-50FC45A7871C}"
EndProject
Global
	GlobalSection(SolutionConfigurationPlatforms) = preSolution
		Debug|Any CPU = Debug|Any CPU
		Release|Any CPU = Release|Any CPU
	EndGlobalSection
	GlobalSection(ProjectConfigurationPlatforms) = postSolution
		{A878828D-107B-4310-A253-CDF66AB3BF32}.Debug|Any CPU.ActiveCfg = Debug|Any CPU
		{A878828D-107B-4310-A253-CDF66AB3BF32}.Debug|Any CPU.Build.0 = Debug|Any CPU
		{A878828D-107B-4310-A253-CDF66AB3BF32}.Release|Any CPU.ActiveCfg = Release|Any CPU
		{A878828D-107B-4310-A253-CDF66AB3BF32}.Release|Any CPU.Build.0 = Release|Any CPU
		{32FD6784-40FB-4F42-9B3B-AA05B7EB385F}.Debug|Any CPU.ActiveCfg = Debug|Any CPU
		{32FD6784-40FB-4F42-9B3B-AA05B7EB385F}.Debug|Any CPU.Build.0 = Debug|Any CPU
		{32FD6784-40FB-4F42-9B3B-AA05B7EB385F}.Release|Any CPU.ActiveCfg = Release|Any CPU
		{32FD6784-40FB-4F42-9B3B-AA05B7EB385F}.Release|Any CPU.Build.0 = Release|Any CPU
		{DD2DB078-8EBF-4FDF-A489-B967676E536C}.Debug|Any CPU.ActiveCfg = Debug|Any CPU
		{DD2DB078-8EBF-4FDF-A489-B967676E536C}.Debug|Any CPU.Build.0 = Debug|Any CPU
		{DD2DB078-8EBF-4FDF-A489-B967676E536C}.Release|Any CPU.ActiveCfg = Release|Any CPU
		{DD2DB078-8EBF-4FDF-A489-B967676E536C}.Release|Any CPU.Build.0 = Release|Any CPU
		{D90F0EB9-B205-4012-B429-1950A47C288E}.Debug|Any CPU.ActiveCfg = Debug|Any CPU
		{D90F0EB9-B205-4012-B429-1950A47C288E}.Debug|Any CPU.Build.0 = Debug|Any CPU
		{D90F0EB9-B205-4012-B429-1950A47C288E}.Release|Any CPU.ActiveCfg = Release|Any CPU
		{D90F0EB9-B205-4012-B429-1950A47C288E}.Release|Any CPU.Build.0 = Release|Any CPU
		{CF6BC2EF-DA58-45AE-AFFC-50FC45A7871C}.Debug|Any CPU.ActiveCfg = Debug|Any CPU
		{CF6BC2EF-DA58-45AE-AFFC-50FC45A7871C}.Debug|Any CPU.Build.0 = Debug|Any CPU
		{CF6BC2EF-DA58-45AE-AFFC-50FC45A7871C}.Release|Any CPU.ActiveCfg = Release|Any CPU
		{CF6BC2EF-DA58-45AE-AFFC-50FC45A7871C}.Release|Any CPU.Build.0 = Release|Any CPU
	EndGlobalSection
	GlobalSection(SolutionProperties) = preSolution
		HideSolutionNode = FALSE
	EndGlobalSection
EndGlobal
