
Microsoft Visual Studio Solution File, Format Version 12.00
# Visual Studio Version 17
VisualStudioVersion = 17.0.31903.59
MinimumVisualStudioVersion = 10.0.40219.1
Project("{FAE04EC0-301F-11D3-BF4B-00C04F79EFBC}") = "TestApp.Domain", "src\TestApp.Domain\TestApp.Domain.csproj", "{7EB095EA-879C-41E8-BE06-C61CB5471A63}"
EndProject
Project("{FAE04EC0-301F-11D3-BF4B-00C04F79EFBC}") = "TestApp.Application", "src\TestApp.Application\TestApp.Application.csproj", "{0DE846D0-8F9B-4211-BAA8-8E176BC0C93E}"
EndProject
Project("{FAE04EC0-301F-11D3-BF4B-00C04F79EFBC}") = "TestApp.Infrastructure", "src\TestApp.Infrastructure\TestApp.Infrastructure.csproj", "{75803F01-5491-44D0-BFD5-BED4AC8D9131}"
EndProject
Project("{FAE04EC0-301F-11D3-BF4B-00C04F79EFBC}") = "TestApp.API", "src\TestApp.API\TestApp.API.csproj", "{62208FEB-49DA-453C-BE8C-07CBEE4CCD16}"
EndProject
Project("{FAE04EC0-301F-11D3-BF4B-00C04F79EFBC}") = "TestApp.Tests", "tests\TestApp.Tests\TestApp.Tests.csproj", "{97B736E4-9DB5-4775-9131-27DF2E15EE75}"
EndProject
Global
	GlobalSection(SolutionConfigurationPlatforms) = preSolution
		Debug|Any CPU = Debug|Any CPU
		Release|Any CPU = Release|Any CPU
	EndGlobalSection
	GlobalSection(ProjectConfigurationPlatforms) = postSolution
		{7EB095EA-879C-41E8-BE06-C61CB5471A63}.Debug|Any CPU.ActiveCfg = Debug|Any CPU
		{7EB095EA-879C-41E8-BE06-C61CB5471A63}.Debug|Any CPU.Build.0 = Debug|Any CPU
		{7EB095EA-879C-41E8-BE06-C61CB5471A63}.Release|Any CPU.ActiveCfg = Release|Any CPU
		{7EB095EA-879C-41E8-BE06-C61CB5471A63}.Release|Any CPU.Build.0 = Release|Any CPU
		{0DE846D0-8F9B-4211-BAA8-8E176BC0C93E}.Debug|Any CPU.ActiveCfg = Debug|Any CPU
		{0DE846D0-8F9B-4211-BAA8-8E176BC0C93E}.Debug|Any CPU.Build.0 = Debug|Any CPU
		{0DE846D0-8F9B-4211-BAA8-8E176BC0C93E}.Release|Any CPU.ActiveCfg = Release|Any CPU
		{0DE846D0-8F9B-4211-BAA8-8E176BC0C93E}.Release|Any CPU.Build.0 = Release|Any CPU
		{75803F01-5491-44D0-BFD5-BED4AC8D9131}.Debug|Any CPU.ActiveCfg = Debug|Any CPU
		{75803F01-5491-44D0-BFD5-BED4AC8D9131}.Debug|Any CPU.Build.0 = Debug|Any CPU
		{75803F01-5491-44D0-BFD5-BED4AC8D9131}.Release|Any CPU.ActiveCfg = Release|Any CPU
		{75803F01-5491-44D0-BFD5-BED4AC8D9131}.Release|Any CPU.Build.0 = Release|Any CPU
		{62208FEB-49DA-453C-BE8C-07CBEE4CCD16}.Debug|Any CPU.ActiveCfg = Debug|Any CPU
		{62208FEB-49DA-453C-BE8C-07CBEE4CCD16}.Debug|Any CPU.Build.0 = Debug|Any CPU
		{62208FEB-49DA-453C-BE8C-07CBEE4CCD16}.Release|Any CPU.ActiveCfg = Release|Any CPU
		{62208FEB-49DA-453C-BE8C-07CBEE4CCD16}.Release|Any CPU.Build.0 = Release|Any CPU
		{97B736E4-9DB5-4775-9131-27DF2E15EE75}.Debug|Any CPU.ActiveCfg = Debug|Any CPU
		{97B736E4-9DB5-4775-9131-27DF2E15EE75}.Debug|Any CPU.Build.0 = Debug|Any CPU
		{97B736E4-9DB5-4775-9131-27DF2E15EE75}.Release|Any CPU.ActiveCfg = Release|Any CPU
		{97B736E4-9DB5-4775-9131-27DF2E15EE75}.Release|Any CPU.Build.0 = Release|Any CPU
	EndGlobalSection
	GlobalSection(SolutionProperties) = preSolution
		HideSolutionNode = FALSE
	EndGlobalSection
EndGlobal
