
Microsoft Visual Studio Solution File, Format Version 12.00
# Visual Studio Version 17
VisualStudioVersion = 17.0.31903.59
MinimumVisualStudioVersion = 10.0.40219.1
Project("{FAE04EC0-301F-11D3-BF4B-00C04F79EFBC}") = "TestApp.Domain", "src\TestApp.Domain\TestApp.Domain.csproj", "{4D34865F-528A-4F80-9AB9-8E657F69C54E}"
EndProject
Project("{FAE04EC0-301F-11D3-BF4B-00C04F79EFBC}") = "TestApp.Application", "src\TestApp.Application\TestApp.Application.csproj", "{6C364265-B1E4-4CEB-B5B8-2F4D1C59B5C9}"
EndProject
Project("{FAE04EC0-301F-11D3-BF4B-00C04F79EFBC}") = "TestApp.Infrastructure", "src\TestApp.Infrastructure\TestApp.Infrastructure.csproj", "{E87B87AE-EF52-4DAC-BB08-22D11B558185}"
EndProject
Project("{FAE04EC0-301F-11D3-BF4B-00C04F79EFBC}") = "TestApp.API", "src\TestApp.API\TestApp.API.csproj", "{85A4E2BB-9D6E-4D2A-BA29-BB459539CA67}"
EndProject
Project("{FAE04EC0-301F-11D3-BF4B-00C04F79EFBC}") = "TestApp.Tests", "tests\TestApp.Tests\TestApp.Tests.csproj", "{A0FA9F84-157F-45D0-BF3C-F1A02FF094E0}"
EndProject
Global
	GlobalSection(SolutionConfigurationPlatforms) = preSolution
		Debug|Any CPU = Debug|Any CPU
		Release|Any CPU = Release|Any CPU
	EndGlobalSection
	GlobalSection(ProjectConfigurationPlatforms) = postSolution
		{4D34865F-528A-4F80-9AB9-8E657F69C54E}.Debug|Any CPU.ActiveCfg = Debug|Any CPU
		{4D34865F-528A-4F80-9AB9-8E657F69C54E}.Debug|Any CPU.Build.0 = Debug|Any CPU
		{4D34865F-528A-4F80-9AB9-8E657F69C54E}.Release|Any CPU.ActiveCfg = Release|Any CPU
		{4D34865F-528A-4F80-9AB9-8E657F69C54E}.Release|Any CPU.Build.0 = Release|Any CPU
		{6C364265-B1E4-4CEB-B5B8-2F4D1C59B5C9}.Debug|Any CPU.ActiveCfg = Debug|Any CPU
		{6C364265-B1E4-4CEB-B5B8-2F4D1C59B5C9}.Debug|Any CPU.Build.0 = Debug|Any CPU
		{6C364265-B1E4-4CEB-B5B8-2F4D1C59B5C9}.Release|Any CPU.ActiveCfg = Release|Any CPU
		{6C364265-B1E4-4CEB-B5B8-2F4D1C59B5C9}.Release|Any CPU.Build.0 = Release|Any CPU
		{E87B87AE-EF52-4DAC-BB08-22D11B558185}.Debug|Any CPU.ActiveCfg = Debug|Any CPU
		{E87B87AE-EF52-4DAC-BB08-22D11B558185}.Debug|Any CPU.Build.0 = Debug|Any CPU
		{E87B87AE-EF52-4DAC-BB08-22D11B558185}.Release|Any CPU.ActiveCfg = Release|Any CPU
		{E87B87AE-EF52-4DAC-BB08-22D11B558185}.Release|Any CPU.Build.0 = Release|Any CPU
		{85A4E2BB-9D6E-4D2A-BA29-BB459539CA67}.Debug|Any CPU.ActiveCfg = Debug|Any CPU
		{85A4E2BB-9D6E-4D2A-BA29-BB459539CA67}.Debug|Any CPU.Build.0 = Debug|Any CPU
		{85A4E2BB-9D6E-4D2A-BA29-BB459539CA67}.Release|Any CPU.ActiveCfg = Release|Any CPU
		{85A4E2BB-9D6E-4D2A-BA29-BB459539CA67}.Release|Any CPU.Build.0 = Release|Any CPU
		{A0FA9F84-157F-45D0-BF3C-F1A02FF094E0}.Debug|Any CPU.ActiveCfg = Debug|Any CPU
		{A0FA9F84-157F-45D0-BF3C-F1A02FF094E0}.Debug|Any CPU.Build.0 = Debug|Any CPU
		{A0FA9F84-157F-45D0-BF3C-F1A02FF094E0}.Release|Any CPU.ActiveCfg = Release|Any CPU
		{A0FA9F84-157F-45D0-BF3C-F1A02FF094E0}.Release|Any CPU.Build.0 = Release|Any CPU
	EndGlobalSection
	GlobalSection(SolutionProperties) = preSolution
		HideSolutionNode = FALSE
	EndGlobalSection
EndGlobal
