
Microsoft Visual Studio Solution File, Format Version 12.00
# Visual Studio Version 17
VisualStudioVersion = 17.0.31903.59
MinimumVisualStudioVersion = 10.0.40219.1
Project("{FAE04EC0-301F-11D3-BF4B-00C04F79EFBC}") = "UpayCard.RiskManagement.Domain", "src\UpayCard.RiskManagement.Domain\UpayCard.RiskManagement.Domain.csproj", "{4CAC7471-CAD7-4135-80DC-DA186C9B519B}"
EndProject
Project("{FAE04EC0-301F-11D3-BF4B-00C04F79EFBC}") = "UpayCard.RiskManagement.Application", "src\UpayCard.RiskManagement.Application\UpayCard.RiskManagement.Application.csproj", "{DE3526AE-76FB-4CF5-B762-86E08D62B605}"
EndProject
Project("{FAE04EC0-301F-11D3-BF4B-00C04F79EFBC}") = "UpayCard.RiskManagement.Infrastructure", "src\UpayCard.RiskManagement.Infrastructure\UpayCard.RiskManagement.Infrastructure.csproj", "{A41CA592-DFEA-4018-81D8-0F5D1081C06C}"
EndProject
Project("{FAE04EC0-301F-11D3-BF4B-00C04F79EFBC}") = "UpayCard.RiskManagement.API", "src\UpayCard.RiskManagement.API\UpayCard.RiskManagement.API.csproj", "{BF16890C-4BE6-42DC-A690-AADEFB66D6C7}"
EndProject
Project("{FAE04EC0-301F-11D3-BF4B-00C04F79EFBC}") = "UpayCard.RiskManagement.Tests", "tests\UpayCard.RiskManagement.Tests\UpayCard.RiskManagement.Tests.csproj", "{FEB3D4D3-A393-4841-9BE8-D6BDA9461FCA}"
EndProject
Global
	GlobalSection(SolutionConfigurationPlatforms) = preSolution
		Debug|Any CPU = Debug|Any CPU
		Release|Any CPU = Release|Any CPU
	EndGlobalSection
	GlobalSection(ProjectConfigurationPlatforms) = postSolution
		{4CAC7471-CAD7-4135-80DC-DA186C9B519B}.Debug|Any CPU.ActiveCfg = Debug|Any CPU
		{4CAC7471-CAD7-4135-80DC-DA186C9B519B}.Debug|Any CPU.Build.0 = Debug|Any CPU
		{4CAC7471-CAD7-4135-80DC-DA186C9B519B}.Release|Any CPU.ActiveCfg = Release|Any CPU
		{4CAC7471-CAD7-4135-80DC-DA186C9B519B}.Release|Any CPU.Build.0 = Release|Any CPU
		{DE3526AE-76FB-4CF5-B762-86E08D62B605}.Debug|Any CPU.ActiveCfg = Debug|Any CPU
		{DE3526AE-76FB-4CF5-B762-86E08D62B605}.Debug|Any CPU.Build.0 = Debug|Any CPU
		{DE3526AE-76FB-4CF5-B762-86E08D62B605}.Release|Any CPU.ActiveCfg = Release|Any CPU
		{DE3526AE-76FB-4CF5-B762-86E08D62B605}.Release|Any CPU.Build.0 = Release|Any CPU
		{A41CA592-DFEA-4018-81D8-0F5D1081C06C}.Debug|Any CPU.ActiveCfg = Debug|Any CPU
		{A41CA592-DFEA-4018-81D8-0F5D1081C06C}.Debug|Any CPU.Build.0 = Debug|Any CPU
		{A41CA592-DFEA-4018-81D8-0F5D1081C06C}.Release|Any CPU.ActiveCfg = Release|Any CPU
		{A41CA592-DFEA-4018-81D8-0F5D1081C06C}.Release|Any CPU.Build.0 = Release|Any CPU
		{BF16890C-4BE6-42DC-A690-AADEFB66D6C7}.Debug|Any CPU.ActiveCfg = Debug|Any CPU
		{BF16890C-4BE6-42DC-A690-AADEFB66D6C7}.Debug|Any CPU.Build.0 = Debug|Any CPU
		{BF16890C-4BE6-42DC-A690-AADEFB66D6C7}.Release|Any CPU.ActiveCfg = Release|Any CPU
		{BF16890C-4BE6-42DC-A690-AADEFB66D6C7}.Release|Any CPU.Build.0 = Release|Any CPU
		{FEB3D4D3-A393-4841-9BE8-D6BDA9461FCA}.Debug|Any CPU.ActiveCfg = Debug|Any CPU
		{FEB3D4D3-A393-4841-9BE8-D6BDA9461FCA}.Debug|Any CPU.Build.0 = Debug|Any CPU
		{FEB3D4D3-A393-4841-9BE8-D6BDA9461FCA}.Release|Any CPU.ActiveCfg = Release|Any CPU
		{FEB3D4D3-A393-4841-9BE8-D6BDA9461FCA}.Release|Any CPU.Build.0 = Release|Any CPU
	EndGlobalSection
	GlobalSection(SolutionProperties) = preSolution
		HideSolutionNode = FALSE
	EndGlobalSection
EndGlobal
