
Microsoft Visual Studio Solution File, Format Version 12.00
# Visual Studio Version 17
VisualStudioVersion = 17.0.31903.59
MinimumVisualStudioVersion = 10.0.40219.1
Project("{FAE04EC0-301F-11D3-BF4B-00C04F79EFBC}") = "UpayCard.RiskManagement.Domain", "src\UpayCard.RiskManagement.Domain\UpayCard.RiskManagement.Domain.csproj", "{6D904322-C50E-4FCA-A58C-FF7E791B1996}"
EndProject
Project("{FAE04EC0-301F-11D3-BF4B-00C04F79EFBC}") = "UpayCard.RiskManagement.Application", "src\UpayCard.RiskManagement.Application\UpayCard.RiskManagement.Application.csproj", "{F0620A4F-3D9E-46BF-88A5-9DD86BD8E455}"
EndProject
Project("{FAE04EC0-301F-11D3-BF4B-00C04F79EFBC}") = "UpayCard.RiskManagement.Infrastructure", "src\UpayCard.RiskManagement.Infrastructure\UpayCard.RiskManagement.Infrastructure.csproj", "{8D34EF27-CAC8-4609-A4F6-C51462F0CBF7}"
EndProject
Project("{FAE04EC0-301F-11D3-BF4B-00C04F79EFBC}") = "UpayCard.RiskManagement.API", "src\UpayCard.RiskManagement.API\UpayCard.RiskManagement.API.csproj", "{6C36F5D4-0E4F-4F1A-9F1E-A076568D43BD}"
EndProject
Project("{FAE04EC0-301F-11D3-BF4B-00C04F79EFBC}") = "UpayCard.RiskManagement.Tests", "tests\UpayCard.RiskManagement.Tests\UpayCard.RiskManagement.Tests.csproj", "{68B967D6-6E40-4F2E-B4FA-0E1FC010F551}"
EndProject
Global
	GlobalSection(SolutionConfigurationPlatforms) = preSolution
		Debug|Any CPU = Debug|Any CPU
		Release|Any CPU = Release|Any CPU
	EndGlobalSection
	GlobalSection(ProjectConfigurationPlatforms) = postSolution
		{6D904322-C50E-4FCA-A58C-FF7E791B1996}.Debug|Any CPU.ActiveCfg = Debug|Any CPU
		{6D904322-C50E-4FCA-A58C-FF7E791B1996}.Debug|Any CPU.Build.0 = Debug|Any CPU
		{6D904322-C50E-4FCA-A58C-FF7E791B1996}.Release|Any CPU.ActiveCfg = Release|Any CPU
		{6D904322-C50E-4FCA-A58C-FF7E791B1996}.Release|Any CPU.Build.0 = Release|Any CPU
		{F0620A4F-3D9E-46BF-88A5-9DD86BD8E455}.Debug|Any CPU.ActiveCfg = Debug|Any CPU
		{F0620A4F-3D9E-46BF-88A5-9DD86BD8E455}.Debug|Any CPU.Build.0 = Debug|Any CPU
		{F0620A4F-3D9E-46BF-88A5-9DD86BD8E455}.Release|Any CPU.ActiveCfg = Release|Any CPU
		{F0620A4F-3D9E-46BF-88A5-9DD86BD8E455}.Release|Any CPU.Build.0 = Release|Any CPU
		{8D34EF27-CAC8-4609-A4F6-C51462F0CBF7}.Debug|Any CPU.ActiveCfg = Debug|Any CPU
		{8D34EF27-CAC8-4609-A4F6-C51462F0CBF7}.Debug|Any CPU.Build.0 = Debug|Any CPU
		{8D34EF27-CAC8-4609-A4F6-C51462F0CBF7}.Release|Any CPU.ActiveCfg = Release|Any CPU
		{8D34EF27-CAC8-4609-A4F6-C51462F0CBF7}.Release|Any CPU.Build.0 = Release|Any CPU
		{6C36F5D4-0E4F-4F1A-9F1E-A076568D43BD}.Debug|Any CPU.ActiveCfg = Debug|Any CPU
		{6C36F5D4-0E4F-4F1A-9F1E-A076568D43BD}.Debug|Any CPU.Build.0 = Debug|Any CPU
		{6C36F5D4-0E4F-4F1A-9F1E-A076568D43BD}.Release|Any CPU.ActiveCfg = Release|Any CPU
		{6C36F5D4-0E4F-4F1A-9F1E-A076568D43BD}.Release|Any CPU.Build.0 = Release|Any CPU
		{68B967D6-6E40-4F2E-B4FA-0E1FC010F551}.Debug|Any CPU.ActiveCfg = Debug|Any CPU
		{68B967D6-6E40-4F2E-B4FA-0E1FC010F551}.Debug|Any CPU.Build.0 = Debug|Any CPU
		{68B967D6-6E40-4F2E-B4FA-0E1FC010F551}.Release|Any CPU.ActiveCfg = Release|Any CPU
		{68B967D6-6E40-4F2E-B4FA-0E1FC010F551}.Release|Any CPU.Build.0 = Release|Any CPU
	EndGlobalSection
	GlobalSection(SolutionProperties) = preSolution
		HideSolutionNode = FALSE
	EndGlobalSection
EndGlobal
